{
  "name": "clinmedkaz",
  "version": "1.0.0",
  "lockfileVersion": 3,
  "requires": true,
  "packages": {
    "": {
      "name": "clinmedkaz",
      "version": "1.0.0",
      "engines": {
        "node": ">=20"
      }
    },
    "client": {
      "name": "clinmedkaz-client",
      "version": "1.0.0",
      "extraneous": true,
      "devDependencies": {
        "vite": "^5.4.21"
      },
      "engines": {
        "node": ">=20"
      }
    },
    "server": {
      "name": "clinmedkaz-server",
      "version": "1.0.0",
      "extraneous": true,
      "dependencies": {
        "dotenv": "^16.4.7",
        "express": "^4.21.2",
        "express-rate-limit": "^8.5.2",
        "helmet": "^7.2.0",
        "nodemailer": "^9.0.1"
      },
      "engines": {
        "node": ">=20"
      }
    }
  }
}
